{
  "version": 4,
  "terraform_version": "1.4.4",
  "serial": 15,
  "lineage": "c5f2c5ab-50f0-525d-c791-30d5f119a6d0",
  "outputs": {
    "aws_ec2_info": {
      "value": 4,
      "type": "number"
    },
    "devops_op_trainer": {
      "value": "Macko",
      "type": "string"
    }
  },
  "resources": [
    {
      "mode": "managed",
      "type": "local_file",
      "name": "devops",
      "provider": "provider[\"registry.terraform.io/hashicorp/local\"]",
      "instances": [
        {
          "schema_version": 0,
          "attributes": {
            "content": "This is Content 1",
            "content_base64": null,
            "content_base64sha256": "xcHrQpu2pz3AfBr7lweJqe5q+2PzfEpnkOsKyz45PBU=",
            "content_base64sha512": "jdrWbZEcKfKRodDr2U/WTGldqDhRpSvPgG4Q+bPGI9IxyG1gVLLqC+s1gNFGiJg9sJ5+dE3urEGDQ7nVY3x4KA==",
            "content_md5": "4390c755ce3541f5720213a0cb6a97cb",
            "content_sha1": "3e254742cfdc8aae3633916109bd37610a5d1b25",
            "content_sha256": "c5c1eb429bb6a73dc07c1afb970789a9ee6afb63f37c4a6790eb0acb3e393c15",
            "content_sha512": "8ddad66d911c29f291a1d0ebd94fd64c695da83851a52bcf806e10f9b3c623d231c86d6054b2ea0beb3580d14688983db09e7e744deeac418343b9d5637c7828",
            "directory_permission": "0777",
            "file_permission": "0777",
            "filename": "/home/macko/Desktop/Terraform/Terraform_Lab/terraform-variable/file_1.txt",
            "id": "3e254742cfdc8aae3633916109bd37610a5d1b25",
            "sensitive_content": null,
            "source": null
          },
          "sensitive_attributes": []
        }
      ]
    },
    {
      "mode": "managed",
      "type": "local_file",
      "name": "devops-var",
      "provider": "provider[\"registry.terraform.io/hashicorp/local\"]",
      "instances": [
        {
          "schema_version": 0,
          "attributes": {
            "content": "This is Content 2",
            "content_base64": null,
            "content_base64sha256": "Lzq3bhzm5Z/sddCUU+EBx78UCq0q9I16tVAu3BvczGA=",
            "content_base64sha512": "A5WWN7FWKbOi2ZolteJUCaKNzRpzxyLae8bQXL11P8MrXUUoBdYPItvFyGl5j4ziqhNN064f0Afq4HM+T1Bb/A==",
            "content_md5": "b4bbcaec30f6d0cade0e214b18254c32",
            "content_sha1": "cbaec02ae4c4428de5e6691e5c1903b91afd7a6d",
            "content_sha256": "2f3ab76e1ce6e59fec75d09453e101c7bf140aad2af48d7ab5502edc1bdccc60",
            "content_sha512": "03959637b15629b3a2d99a25b5e25409a28dcd1a73c722da7bc6d05cbd753fc32b5d452805d60f22dbc5c869798f8ce2aa134dd3ae1fd007eae0733e4f505bfc",
            "directory_permission": "0777",
            "file_permission": "0777",
            "filename": "/home/macko/Desktop/Terraform/Terraform_Lab/terraform-variable/file_2.txt",
            "id": "cbaec02ae4c4428de5e6691e5c1903b91afd7a6d",
            "sensitive_content": null,
            "source": null
          },
          "sensitive_attributes": []
        }
      ]
    }
  ],
  "check_results": null
}
