{
  "version": 4,
  "terraform_version": "1.4.6",
  "serial": 9,
  "lineage": "09c2922b-6261-12e6-646b-aa91e934f037",
  "outputs": {
    "devops_trainer": {
      "value": "Macko",
      "type": "string"
    }
  },
  "resources": [
    {
      "mode": "managed",
      "type": "local_file",
      "name": "devops",
      "provider": "provider[\"registry.terraform.io/hashicorp/local\"]",
      "instances": [
        {
          "schema_version": 0,
          "attributes": {
            "content": "This value coming from content1",
            "content_base64": null,
            "content_base64sha256": "neYVvNasWyQrc2Pc2XTUDt+SIyR610ydPTE3H210+Q0=",
            "content_base64sha512": "oPFg0GRaK3CY8KC1I13Mkv+Ge8g0dL/HCBRA0YAC38KI9Sq4Eitn6WmJAskEQZVvKGbdKeLFVEmalAUknSLvzA==",
            "content_md5": "b879116de7b81ecefb0cca9b2a9f84c0",
            "content_sha1": "a0e4e1a5105cf03d37ae41c538c2bccc75d14b98",
            "content_sha256": "9de615bcd6ac5b242b7363dcd974d40edf9223247ad74c9d3d31371f6d74f90d",
            "content_sha512": "a0f160d0645a2b7098f0a0b5235dcc92ff867bc83474bfc7081440d18002dfc288f52ab8122b67e9698902c90441956f2866dd29e2c554499a9405249d22efcc",
            "directory_permission": "0777",
            "file_permission": "0777",
            "filename": "/app/Terraform_Lab/terraform-variables/devops_test.txt",
            "id": "a0e4e1a5105cf03d37ae41c538c2bccc75d14b98",
            "sensitive_content": null,
            "source": null
          },
          "sensitive_attributes": []
        }
      ]
    },
    {
      "mode": "managed",
      "type": "local_file",
      "name": "devops_var",
      "provider": "provider[\"registry.terraform.io/hashicorp/local\"]",
      "instances": [
        {
          "schema_version": 0,
          "attributes": {
            "content": "This value coming from content2",
            "content_base64": null,
            "content_base64sha256": "8lBIuSeHYGKHdtl2JbnFUyrld1JBLWhpaAnN/EXhn/U=",
            "content_base64sha512": "ZVGjTLSBxnd6BuCSZKeqLWrPK/YRXOv4LevVNAXKWUC3nOuIXnQIXdikZ8ZSPcoLwzynxfggO7ZOBdEnuFy3ug==",
            "content_md5": "32037d5e7a34c817b8a5e986b97fe518",
            "content_sha1": "a33b7a51b283cbfa7e35cb9877ad588085607d5d",
            "content_sha256": "f25048b9278760628776d97625b9c5532ae57752412d68696809cdfc45e19ff5",
            "content_sha512": "6551a34cb481c6777a06e09264a7aa2d6acf2bf6115cebf82debd53405ca5940b79ceb885e74085dd8a467c6523dca0bc33ca7c5f8203bb64e05d127b85cb7ba",
            "directory_permission": "0777",
            "file_permission": "0777",
            "filename": "/app/Terraform_Lab/terraform-variables/devops-automated.txt",
            "id": "a33b7a51b283cbfa7e35cb9877ad588085607d5d",
            "sensitive_content": null,
            "source": null
          },
          "sensitive_attributes": []
        }
      ]
    }
  ],
  "check_results": null
}
