{
  "version": 4,
  "terraform_version": "1.4.6",
  "serial": 4,
  "lineage": "09c2922b-6261-12e6-646b-aa91e934f037",
  "outputs": {
    "devops_trainer": {
      "value": "Macko",
      "type": "string"
    }
  },
  "resources": [
    {
      "mode": "managed",
      "type": "local_file",
      "name": "devops",
      "provider": "provider[\"registry.terraform.io/hashicorp/local\"]",
      "instances": [
        {
          "schema_version": 0,
          "attributes": {
            "content": "This is devops test file",
            "content_base64": null,
            "content_base64sha256": "2kayB8j5qaaZOECIxU/mZkZtBbYRQ9T8ImLjsx4Oo7Q=",
            "content_base64sha512": "Uc4urfWcK65xTOJyolgRd1uRxLnWwj83Dgzh12MCZ6yfWPWHN8fjx1qmdyH33s/f79D4JPbtPi0B6piFBoU1YQ==",
            "content_md5": "021ccf4440c68eacc20d2c955e151ba2",
            "content_sha1": "b759d38fb38524f1c6a1efc86aa5beb85fd63fbe",
            "content_sha256": "da46b207c8f9a9a699384088c54fe666466d05b61143d4fc2262e3b31e0ea3b4",
            "content_sha512": "51ce2eadf59c2bae714ce272a25811775b91c4b9d6c23f370e0ce1d7630267ac9f58f58737c7e3c75aa67721f7decfdfefd0f824f6ed3e2d01ea988506853561",
            "directory_permission": "0777",
            "file_permission": "0777",
            "filename": "/app/Terraform_Lab/terraform-variables/devops_test.txt",
            "id": "b759d38fb38524f1c6a1efc86aa5beb85fd63fbe",
            "sensitive_content": null,
            "source": null
          },
          "sensitive_attributes": []
        }
      ]
    },
    {
      "mode": "managed",
      "type": "local_file",
      "name": "devops_var",
      "provider": "provider[\"registry.terraform.io/hashicorp/local\"]",
      "instances": [
        {
          "schema_version": 0,
          "attributes": {
            "content": "This is auto generated from a variable",
            "content_base64": null,
            "content_base64sha256": "yDeH4kVU5RUhN35ljh5HGUBT99faLndIYb0dHktb4sw=",
            "content_base64sha512": "c6V5GqS2qZ2W/4hxClcypI6m1WUR7P2fMbWW26eqhu8ZUl6j/RpdHisi+M+OaFbGUEleZ3v9oAfyxwWNRQnsNA==",
            "content_md5": "a609e9b5661664e0154943c6f4d3a165",
            "content_sha1": "32a0a75ead4449ff66553f663c8950f483829cf2",
            "content_sha256": "c83787e24554e51521377e658e1e47194053f7d7da2e774861bd1d1e4b5be2cc",
            "content_sha512": "73a5791aa4b6a99d96ff88710a5732a48ea6d56511ecfd9f31b596dba7aa86ef19525ea3fd1a5d1e2b22f8cf8e6856c650495e677bfda007f2c7058d4509ec34",
            "directory_permission": "0777",
            "file_permission": "0777",
            "filename": "/app/Terraform_Lab/terraform-variables/devops-automated.txt",
            "id": "32a0a75ead4449ff66553f663c8950f483829cf2",
            "sensitive_content": null,
            "source": null
          },
          "sensitive_attributes": []
        }
      ]
    }
  ],
  "check_results": null
}
