{
  "version": 4,
  "terraform_version": "1.4.6",
  "serial": 3,
  "lineage": "a226c340-1326-aeed-e35d-93b9e467064a",
  "outputs": {},
  "resources": [
    {
      "mode": "managed",
      "type": "local_file",
      "name": "devops",
      "provider": "provider[\"registry.terraform.io/hashicorp/local\"]",
      "instances": [
        {
          "schema_version": 0,
          "attributes": {
            "content": "This is test proj on terraform",
            "content_base64": null,
            "content_base64sha256": "PYx7mzPYFMMGgbUgHKZ5Fyx4b1cL3zaNKtfMjOKS28w=",
            "content_base64sha512": "7OSqhqR8lBuGqxhVwxdggfiTkCUi5WxkHD7cA6IJ4oNkdaGJFnGrsGiPzR2UxwCFM6Ozds7GB25UePVjzvcwuA==",
            "content_md5": "b770f87f5ab36da8fb50ef58a2c451f9",
            "content_sha1": "32080267cbf37c6da771fcaaba4a5cd31646a6fb",
            "content_sha256": "3d8c7b9b33d814c30681b5201ca679172c786f570bdf368d2ad7cc8ce292dbcc",
            "content_sha512": "ece4aa86a47c941b86ab1855c3176081f893902522e56c641c3edc03a209e2836475a1891671abb0688fcd1d94c7008533a3b376cec6076e5478f563cef730b8",
            "directory_permission": "0777",
            "file_permission": "0777",
            "filename": "/app/Terraform_Lab/terraform-local/local.txt",
            "id": "32080267cbf37c6da771fcaaba4a5cd31646a6fb",
            "sensitive_content": null,
            "source": null
          },
          "sensitive_attributes": []
        }
      ]
    }
  ],
  "check_results": null
}
